// !$*UTF8*$!
{
	archiveVersion = 1;
	classes = {
	};
	objectVersion = 56;
	objects = {

/* Begin PBXBuildFile section */
		3E89CD7A2BF99FFB008881F6 /* TCASample2Tests.swift in Sources */ = {isa = PBXBuildFile; fileRef = 3E89CD792BF99FFB008881F6 /* TCASample2Tests.swift */; };
		3EE36F872BF887850067847B /* TCASample2App.swift in Sources */ = {isa = PBXBuildFile; fileRef = 3EE36F862BF887850067847B /* TCASample2App.swift */; };
		3EE36F8B2BF8878A0067847B /* Assets.xcassets in Resources */ = {isa = PBXBuildFile; fileRef = 3EE36F8A2BF8878A0067847B /* Assets.xcassets */; };
		3EE36F8E2BF8878A0067847B /* Preview Assets.xcassets in Resources */ = {isa = PBXBuildFile; fileRef = 3EE36F8D2BF8878A0067847B /* Preview Assets.xcassets */; };
		3EE36F952BF887C50067847B /* ContactsFeature.swift in Sources */ = {isa = PBXBuildFile; fileRef = 3EE36F942BF887C50067847B /* ContactsFeature.swift */; };
		3EE36F982BF88D0D0067847B /* ComposableArchitecture in Frameworks */ = {isa = PBXBuildFile; productRef = 3EE36F972BF88D0D0067847B /* ComposableArchitecture */; };
		3EE36F9B2BF89B3E0067847B /* AddContactFeature.swift in Sources */ = {isa = PBXBuildFile; fileRef = 3EE36F9A2BF89B3E0067847B /* AddContactFeature.swift */; };
/* End PBXBuildFile section */

/* Begin PBXContainerItemProxy section */
		3E89CD7B2BF99FFB008881F6 /* PBXContainerItemProxy */ = {
			isa = PBXContainerItemProxy;
			containerPortal = 3EE36F7B2BF887850067847B /* Project object */;
			proxyType = 1;
			remoteGlobalIDString = 3EE36F822BF887850067847B;
			remoteInfo = TCASample2;
		};
/* End PBXContainerItemProxy section */

/* Begin PBXFileReference section */
		3E89CD772BF99FFB008881F6 /* TCASample2Tests.xctest */ = {isa = PBXFileReference; explicitFileType = wrapper.cfbundle; includeInIndex = 0; path = TCASample2Tests.xctest; sourceTree = BUILT_PRODUCTS_DIR; };
		3E89CD792BF99FFB008881F6 /* TCASample2Tests.swift */ = {isa = PBXFileReference; lastKnownFileType = sourcecode.swift; path = TCASample2Tests.swift; sourceTree = "<group>"; };
		3EE36F832BF887850067847B /* TCASample2.app */ = {isa = PBXFileReference; explicitFileType = wrapper.application; includeInIndex = 0; path = TCASample2.app; sourceTree = BUILT_PRODUCTS_DIR; };
		3EE36F862BF887850067847B /* TCASample2App.swift */ = {isa = PBXFileReference; lastKnownFileType = sourcecode.swift; path = TCASample2App.swift; sourceTree = "<group>"; };
		3EE36F8A2BF8878A0067847B /* Assets.xcassets */ = {isa = PBXFileReference; lastKnownFileType = folder.assetcatalog; path = Assets.xcassets; sourceTree = "<group>"; };
		3EE36F8D2BF8878A0067847B /* Preview Assets.xcassets */ = {isa = PBXFileReference; lastKnownFileType = folder.assetcatalog; path = "Preview Assets.xcassets"; sourceTree = "<group>"; };
		3EE36F942BF887C50067847B /* ContactsFeature.swift */ = {isa = PBXFileReference; lastKnownFileType = sourcecode.swift; path = ContactsFeature.swift; sourceTree = "<group>"; };
		3EE36F9A2BF89B3E0067847B /* AddContactFeature.swift */ = {isa = PBXFileReference; lastKnownFileType = sourcecode.swift; path = AddContactFeature.swift; sourceTree = "<group>"; };
/* End PBXFileReference section */

/* Begin PBXFrameworksBuildPhase section */
		3E89CD742BF99FFB008881F6 /* Frameworks */ = {
			isa = PBXFrameworksBuildPhase;
			buildActionMask = 2147483647;
			files = (
			);
			runOnlyForDeploymentPostprocessing = 0;
		};
		3EE36F802BF887850067847B /* Frameworks */ = {
			isa = PBXFrameworksBuildPhase;
			buildActionMask = 2147483647;
			files = (
				3EE36F982BF88D0D0067847B /* ComposableArchitecture in Frameworks */,
			);
			runOnlyForDeploymentPostprocessing = 0;
		};
/* End PBXFrameworksBuildPhase section */

/* Begin PBXGroup section */
		3E89CD782BF99FFB008881F6 /* TCASample2Tests */ = {
			isa = PBXGroup;
			children = (
				3E89CD792BF99FFB008881F6 /* TCASample2Tests.swift */,
			);
			path = TCASample2Tests;
			sourceTree = "<group>";
		};
		3EE36F7A2BF887850067847B = {
			isa = PBXGroup;
			children = (
				3EE36F852BF887850067847B /* TCASample2 */,
				3E89CD782BF99FFB008881F6 /* TCASample2Tests */,
				3EE36F842BF887850067847B /* Products */,
			);
			sourceTree = "<group>";
		};
		3EE36F842BF887850067847B /* Products */ = {
			isa = PBXGroup;
			children = (
				3EE36F832BF887850067847B /* TCASample2.app */,
				3E89CD772BF99FFB008881F6 /* TCASample2Tests.xctest */,
			);
			name = Products;
			sourceTree = "<group>";
		};
		3EE36F852BF887850067847B /* TCASample2 */ = {
			isa = PBXGroup;
			children = (
				3EE36F9A2BF89B3E0067847B /* AddContactFeature.swift */,
				3EE36F942BF887C50067847B /* ContactsFeature.swift */,
				3EE36F862BF887850067847B /* TCASample2App.swift */,
				3EE36F8A2BF8878A0067847B /* Assets.xcassets */,
				3EE36F8C2BF8878A0067847B /* Preview Content */,
			);
			path = TCASample2;
			sourceTree = "<group>";
		};
		3EE36F8C2BF8878A0067847B /* Preview Content */ = {
			isa = PBXGroup;
			children = (
				3EE36F8D2BF8878A0067847B /* Preview Assets.xcassets */,
			);
			path = "Preview Content";
			sourceTree = "<group>";
		};
/* End PBXGroup section */

/* Begin PBXNativeTarget section */
		3E89CD762BF99FFB008881F6 /* TCASample2Tests */ = {
			isa = PBXNativeTarget;
			buildConfigurationList = 3E89CD7F2BF99FFB008881F6 /* Build configuration list for PBXNativeTarget "TCASample2Tests" */;
			buildPhases = (
				3E89CD732BF99FFB008881F6 /* Sources */,
				3E89CD742BF99FFB008881F6 /* Frameworks */,
				3E89CD752BF99FFB008881F6 /* Resources */,
			);
			buildRules = (
			);
			dependencies = (
				3E89CD7C2BF99FFB008881F6 /* PBXTargetDependency */,
			);
			name = TCASample2Tests;
			productName = TCASample2Tests;
			productReference = 3E89CD772BF99FFB008881F6 /* TCASample2Tests.xctest */;
			productType = "com.apple.product-type.bundle.unit-test";
		};
		3EE36F822BF887850067847B /* TCASample2 */ = {
			isa = PBXNativeTarget;
			buildConfigurationList = 3EE36F912BF8878A0067847B /* Build configuration list for PBXNativeTarget "TCASample2" */;
			buildPhases = (
				3EE36F7F2BF887850067847B /* Sources */,
				3EE36F802BF887850067847B /* Frameworks */,
				3EE36F812BF887850067847B /* Resources */,
			);
			buildRules = (
			);
			dependencies = (
			);
			name = TCASample2;
			packageProductDependencies = (
				3EE36F972BF88D0D0067847B /* ComposableArchitecture */,
			);
			productName = TCASample2;
			productReference = 3EE36F832BF887850067847B /* TCASample2.app */;
			productType = "com.apple.product-type.application";
		};
/* End PBXNativeTarget section */

/* Begin PBXProject section */
		3EE36F7B2BF887850067847B /* Project object */ = {
			isa = PBXProject;
			attributes = {
				BuildIndependentTargetsInParallel = 1;
				LastSwiftUpdateCheck = 1500;
				LastUpgradeCheck = 1500;
				TargetAttributes = {
					3E89CD762BF99FFB008881F6 = {
						CreatedOnToolsVersion = 15.0.1;
						TestTargetID = 3EE36F822BF887850067847B;
					};
					3EE36F822BF887850067847B = {
						CreatedOnToolsVersion = 15.0.1;
					};
				};
			};
			buildConfigurationList = 3EE36F7E2BF887850067847B /* Build configuration list for PBXProject "TCASample2" */;
			compatibilityVersion = "Xcode 14.0";
			developmentRegion = en;
			hasScannedForEncodings = 0;
			knownRegions = (
				en,
				Base,
			);
			mainGroup = 3EE36F7A2BF887850067847B;
			packageReferences = (
				3EE36F962BF88D0D0067847B /* XCRemoteSwiftPackageReference "swift-composable-architecture" */,
			);
			productRefGroup = 3EE36F842BF887850067847B /* Products */;
			projectDirPath = "";
			projectRoot = "";
			targets = (
				3EE36F822BF887850067847B /* TCASample2 */,
				3E89CD762BF99FFB008881F6 /* TCASample2Tests */,
			);
		};
/* End PBXProject section */

/* Begin PBXResourcesBuildPhase section */
		3E89CD752BF99FFB008881F6 /* Resources */ = {
			isa = PBXResourcesBuildPhase;
			buildActionMask = 2147483647;
			files = (
			);
			runOnlyForDeploymentPostprocessing = 0;
		};
		3EE36F812BF887850067847B /* Resources */ = {
			isa = PBXResourcesBuildPhase;
			buildActionMask = 2147483647;
			files = (
				3EE36F8E2BF8878A0067847B /* Preview Assets.xcassets in Resources */,
				3EE36F8B2BF8878A0067847B /* Assets.xcassets in Resources */,
			);
			runOnlyForDeploymentPostprocessing = 0;
		};
/* End PBXResourcesBuildPhase section */

/* Begin PBXSourcesBuildPhase section */
		3E89CD732BF99FFB008881F6 /* Sources */ = {
			isa = PBXSourcesBuildPhase;
			buildActionMask = 2147483647;
			files = (
				3E89CD7A2BF99FFB008881F6 /* TCASample2Tests.swift in Sources */,
			);
			runOnlyForDeploymentPostprocessing = 0;
		};
		3EE36F7F2BF887850067847B /* Sources */ = {
			isa = PBXSourcesBuildPhase;
			buildActionMask = 2147483647;
			files = (
				3EE36F872BF887850067847B /* TCASample2App.swift in Sources */,
				3EE36F952BF887C50067847B /* ContactsFeature.swift in Sources */,
				3EE36F9B2BF89B3E0067847B /* AddContactFeature.swift in Sources */,
			);
			runOnlyForDeploymentPostprocessing = 0;
		};
/* End PBXSourcesBuildPhase section */

/* Begin PBXTargetDependency section */
		3E89CD7C2BF99FFB008881F6 /* PBXTargetDependency */ = {
			isa = PBXTargetDependency;
			target = 3EE36F822BF887850067847B /* TCASample2 */;
			targetProxy = 3E89CD7B2BF99FFB008881F6 /* PBXContainerItemProxy */;
		};
/* End PBXTargetDependency section */

/* Begin XCBuildConfiguration section */
		3E89CD7D2BF99FFB008881F6 /* Debug */ = {
			isa = XCBuildConfiguration;
			buildSettings = {
				BUNDLE_LOADER = "$(TEST_HOST)";
				CODE_SIGN_STYLE = Automatic;
				CURRENT_PROJECT_VERSION = 1;
				DEVELOPMENT_TEAM = U846247ZJT;
				GENERATE_INFOPLIST_FILE = YES;
				MARKETING_VERSION = 1.0;
				PRODUCT_BUNDLE_IDENTIFIER = com.sample.TCASample2Tests;
				PRODUCT_NAME = "$(TARGET_NAME)";
				SWIFT_EMIT_LOC_STRINGS = NO;
				SWIFT_VERSION = 5.0;
				TARGETED_DEVICE_FAMILY = "1,2";
				TEST_HOST = "$(BUILT_PRODUCTS_DIR)/TCASample2.app/$(BUNDLE_EXECUTABLE_FOLDER_PATH)/TCASample2";
			};
			name = Debug;
		};
		3E89CD7E2BF99FFB008881F6 /* Release */ = {
			isa = XCBuildConfiguration;
			buildSettings = {
				BUNDLE_LOADER = "$(TEST_HOST)";
				CODE_SIGN_STYLE = Automatic;
				CURRENT_PROJECT_VERSION = 1;
				DEVELOPMENT_TEAM = U846247ZJT;
				GENERATE_INFOPLIST_FILE = YES;
				MARKETING_VERSION = 1.0;
				PRODUCT_BUNDLE_IDENTIFIER = com.sample.TCASample2Tests;
				PRODUCT_NAME = "$(TARGET_NAME)";
				SWIFT_EMIT_LOC_STRINGS = NO;
				SWIFT_VERSION = 5.0;
				TARGETED_DEVICE_FAMILY = "1,2";
				TEST_HOST = "$(BUILT_PRODUCTS_DIR)/TCASample2.app/$(BUNDLE_EXECUTABLE_FOLDER_PATH)/TCASample2";
			};
			name = Release;
		};
		3EE36F8F2BF8878A0067847B /* Debug */ = {
			isa = XCBuildConfiguration;
			buildSettings = {
				ALWAYS_SEARCH_USER_PATHS = NO;
				ASSETCATALOG_COMPILER_GENERATE_SWIFT_ASSET_SYMBOL_EXTENSIONS = YES;
				CLANG_ANALYZER_NONNULL = YES;
				CLANG_ANALYZER_NUMBER_OBJECT_CONVERSION = YES_AGGRESSIVE;
				CLANG_CXX_LANGUAGE_STANDARD = "gnu++20";
				CLANG_ENABLE_MODULES = YES;
				CLANG_ENABLE_OBJC_ARC = YES;
				CLANG_ENABLE_OBJC_WEAK = YES;
				CLANG_WARN_BLOCK_CAPTURE_AUTORELEASING = YES;
				CLANG_WARN_BOOL_CONVERSION = YES;
				CLANG_WARN_COMMA = YES;
				CLANG_WARN_CONSTANT_CONVERSION = YES;
				CLANG_WARN_DEPRECATED_OBJC_IMPLEMENTATIONS = YES;
				CLANG_WARN_DIRECT_OBJC_ISA_USAGE = YES_ERROR;
				CLANG_WARN_DOCUMENTATION_COMMENTS = YES;
				CLANG_WARN_EMPTY_BODY = YES;
				CLANG_WARN_ENUM_CONVERSION = YES;
				CLANG_WARN_INFINITE_RECURSION = YES;
				CLANG_WARN_INT_CONVERSION = YES;
				CLANG_WARN_NON_LITERAL_NULL_CONVERSION = YES;
				CLANG_WARN_OBJC_IMPLICIT_RETAIN_SELF = YES;
				CLANG_WARN_OBJC_LITERAL_CONVERSION = YES;
				CLANG_WARN_OBJC_ROOT_CLASS = YES_ERROR;
				CLANG_WARN_QUOTED_INCLUDE_IN_FRAMEWORK_HEADER = YES;
				CLANG_WARN_RANGE_LOOP_ANALYSIS = YES;
				CLANG_WARN_STRICT_PROTOTYPES = YES;
				CLANG_WARN_SUSPICIOUS_MOVE = YES;
				CLANG_WARN_UNGUARDED_AVAILABILITY = YES_AGGRESSIVE;
				CLANG_WARN_UNREACHABLE_CODE = YES;
				CLANG_WARN__DUPLICATE_METHOD_MATCH = YES;
				COPY_PHASE_STRIP = NO;
				DEBUG_INFORMATION_FORMAT = dwarf;
				ENABLE_STRICT_OBJC_MSGSEND = YES;
				ENABLE_TESTABILITY = YES;
				ENABLE_USER_SCRIPT_SANDBOXING = YES;
				GCC_C_LANGUAGE_STANDARD = gnu17;
				GCC_DYNAMIC_NO_PIC = NO;
				GCC_NO_COMMON_BLOCKS = YES;
				GCC_OPTIMIZATION_LEVEL = 0;
				GCC_PREPROCESSOR_DEFINITIONS = (
					"DEBUG=1",
					"$(inherited)",
				);
				GCC_WARN_64_TO_32_BIT_CONVERSION = YES;
				GCC_WARN_ABOUT_RETURN_TYPE = YES_ERROR;
				GCC_WARN_UNDECLARED_SELECTOR = YES;
				GCC_WARN_UNINITIALIZED_AUTOS = YES_AGGRESSIVE;
				GCC_WARN_UNUSED_FUNCTION = YES;
				GCC_WARN_UNUSED_VARIABLE = YES;
				IPHONEOS_DEPLOYMENT_TARGET = 17.0;
				LOCALIZATION_PREFERS_STRING_CATALOGS = YES;
				MTL_ENABLE_DEBUG_INFO = INCLUDE_SOURCE;
				MTL_FAST_MATH = YES;
				ONLY_ACTIVE_ARCH = YES;
				SDKROOT = iphoneos;
				SWIFT_ACTIVE_COMPILATION_CONDITIONS = "DEBUG $(inherited)";
				SWIFT_OPTIMIZATION_LEVEL = "-Onone";
			};
			name = Debug;
		};
		3EE36F902BF8878A0067847B /* Release */ = {
			isa = XCBuildConfiguration;
			buildSettings = {
				ALWAYS_SEARCH_USER_PATHS = NO;
				ASSETCATALOG_COMPILER_GENERATE_SWIFT_ASSET_SYMBOL_EXTENSIONS = YES;
				CLANG_ANALYZER_NONNULL = YES;
				CLANG_ANALYZER_NUMBER_OBJECT_CONVERSION = YES_AGGRESSIVE;
				CLANG_CXX_LANGUAGE_STANDARD = "gnu++20";
				CLANG_ENABLE_MODULES = YES;
				CLANG_ENABLE_OBJC_ARC = YES;
				CLANG_ENABLE_OBJC_WEAK = YES;
				CLANG_WARN_BLOCK_CAPTURE_AUTORELEASING = YES;
				CLANG_WARN_BOOL_CONVERSION = YES;
				CLANG_WARN_COMMA = YES;
				CLANG_WARN_CONSTANT_CONVERSION = YES;
				CLANG_WARN_DEPRECATED_OBJC_IMPLEMENTATIONS = YES;
				CLANG_WARN_DIRECT_OBJC_ISA_USAGE = YES_ERROR;
				CLANG_WARN_DOCUMENTATION_COMMENTS = YES;
				CLANG_WARN_EMPTY_BODY = YES;
				CLANG_WARN_ENUM_CONVERSION = YES;
				CLANG_WARN_INFINITE_RECURSION = YES;
				CLANG_WARN_INT_CONVERSION = YES;
				CLANG_WARN_NON_LITERAL_NULL_CONVERSION = YES;
				CLANG_WARN_OBJC_IMPLICIT_RETAIN_SELF = YES;
				CLANG_WARN_OBJC_LITERAL_CONVERSION = YES;
				CLANG_WARN_OBJC_ROOT_CLASS = YES_ERROR;
				CLANG_WARN_QUOTED_INCLUDE_IN_FRAMEWORK_HEADER = YES;
				CLANG_WARN_RANGE_LOOP_ANALYSIS = YES;
				CLANG_WARN_STRICT_PROTOTYPES = YES;
				CLANG_WARN_SUSPICIOUS_MOVE = YES;
				CLANG_WARN_UNGUARDED_AVAILABILITY = YES_AGGRESSIVE;
				CLANG_WARN_UNREACHABLE_CODE = YES;
				CLANG_WARN__DUPLICATE_METHOD_MATCH = YES;
				COPY_PHASE_STRIP = NO;
				DEBUG_INFORMATION_FORMAT = "dwarf-with-dsym";
				ENABLE_NS_ASSERTIONS = NO;
				ENABLE_STRICT_OBJC_MSGSEND = YES;
				ENABLE_USER_SCRIPT_SANDBOXING = YES;
				GCC_C_LANGUAGE_STANDARD = gnu17;
				GCC_NO_COMMON_BLOCKS = YES;
				GCC_WARN_64_TO_32_BIT_CONVERSION = YES;
				GCC_WARN_ABOUT_RETURN_TYPE = YES_ERROR;
				GCC_WARN_UNDECLARED_SELECTOR = YES;
				GCC_WARN_UNINITIALIZED_AUTOS = YES_AGGRESSIVE;
				GCC_WARN_UNUSED_FUNCTION = YES;
				GCC_WARN_UNUSED_VARIABLE = YES;
				IPHONEOS_DEPLOYMENT_TARGET = 17.0;
				LOCALIZATION_PREFERS_STRING_CATALOGS = YES;
				MTL_ENABLE_DEBUG_INFO = NO;
				MTL_FAST_MATH = YES;
				SDKROOT = iphoneos;
				SWIFT_COMPILATION_MODE = wholemodule;
				VALIDATE_PRODUCT = YES;
			};
			name = Release;
		};
		3EE36F922BF8878A0067847B /* Debug */ = {
			isa = XCBuildConfiguration;
			buildSettings = {
				ASSETCATALOG_COMPILER_APPICON_NAME = AppIcon;
				ASSETCATALOG_COMPILER_GLOBAL_ACCENT_COLOR_NAME = AccentColor;
				CODE_SIGN_STYLE = Automatic;
				CURRENT_PROJECT_VERSION = 1;
				DEVELOPMENT_ASSET_PATHS = "\"TCASample2/Preview Content\"";
				DEVELOPMENT_TEAM = U846247ZJT;
				ENABLE_PREVIEWS = YES;
				GENERATE_INFOPLIST_FILE = YES;
				INFOPLIST_KEY_UIApplicationSceneManifest_Generation = YES;
				INFOPLIST_KEY_UIApplicationSupportsIndirectInputEvents = YES;
				INFOPLIST_KEY_UILaunchScreen_Generation = YES;
				INFOPLIST_KEY_UISupportedInterfaceOrientations_iPad = "UIInterfaceOrientationPortrait UIInterfaceOrientationPortraitUpsideDown UIInterfaceOrientationLandscapeLeft UIInterfaceOrientationLandscapeRight";
				INFOPLIST_KEY_UISupportedInterfaceOrientations_iPhone = "UIInterfaceOrientationPortrait UIInterfaceOrientationLandscapeLeft UIInterfaceOrientationLandscapeRight";
				IPHONEOS_DEPLOYMENT_TARGET = 17.0;
				LD_RUNPATH_SEARCH_PATHS = (
					"$(inherited)",
					"@executable_path/Frameworks",
				);
				MARKETING_VERSION = 1.0;
				PRODUCT_BUNDLE_IDENTIFIER = com.sample.TCASample2;
				PRODUCT_NAME = "$(TARGET_NAME)";
				SWIFT_EMIT_LOC_STRINGS = YES;
				SWIFT_VERSION = 5.0;
				TARGETED_DEVICE_FAMILY = "1,2";
			};
			name = Debug;
		};
		3EE36F932BF8878A0067847B /* Release */ = {
			isa = XCBuildConfiguration;
			buildSettings = {
				ASSETCATALOG_COMPILER_APPICON_NAME = AppIcon;
				ASSETCATALOG_COMPILER_GLOBAL_ACCENT_COLOR_NAME = AccentColor;
				CODE_SIGN_STYLE = Automatic;
				CURRENT_PROJECT_VERSION = 1;
				DEVELOPMENT_ASSET_PATHS = "\"TCASample2/Preview Content\"";
				DEVELOPMENT_TEAM = U846247ZJT;
				ENABLE_PREVIEWS = YES;
				GENERATE_INFOPLIST_FILE = YES;
				INFOPLIST_KEY_UIApplicationSceneManifest_Generation = YES;
				INFOPLIST_KEY_UIApplicationSupportsIndirectInputEvents = YES;
				INFOPLIST_KEY_UILaunchScreen_Generation = YES;
				INFOPLIST_KEY_UISupportedInterfaceOrientations_iPad = "UIInterfaceOrientationPortrait UIInterfaceOrientationPortraitUpsideDown UIInterfaceOrientationLandscapeLeft UIInterfaceOrientationLandscapeRight";
				INFOPLIST_KEY_UISupportedInterfaceOrientations_iPhone = "UIInterfaceOrientationPortrait UIInterfaceOrientationLandscapeLeft UIInterfaceOrientationLandscapeRight";
				IPHONEOS_DEPLOYMENT_TARGET = 17.0;
				LD_RUNPATH_SEARCH_PATHS = (
					"$(inherited)",
					"@executable_path/Frameworks",
				);
				MARKETING_VERSION = 1.0;
				PRODUCT_BUNDLE_IDENTIFIER = com.sample.TCASample2;
				PRODUCT_NAME = "$(TARGET_NAME)";
				SWIFT_EMIT_LOC_STRINGS = YES;
				SWIFT_VERSION = 5.0;
				TARGETED_DEVICE_FAMILY = "1,2";
			};
			name = Release;
		};
/* End XCBuildConfiguration section */

/* Begin XCConfigurationList section */
		3E89CD7F2BF99FFB008881F6 /* Build configuration list for PBXNativeTarget "TCASample2Tests" */ = {
			isa = XCConfigurationList;
			buildConfigurations = (
				3E89CD7D2BF99FFB008881F6 /* Debug */,
				3E89CD7E2BF99FFB008881F6 /* Release */,
			);
			defaultConfigurationIsVisible = 0;
			defaultConfigurationName = Release;
		};
		3EE36F7E2BF887850067847B /* Build configuration list for PBXProject "TCASample2" */ = {
			isa = XCConfigurationList;
			buildConfigurations = (
				3EE36F8F2BF8878A0067847B /* Debug */,
				3EE36F902BF8878A0067847B /* Release */,
			);
			defaultConfigurationIsVisible = 0;
			defaultConfigurationName = Release;
		};
		3EE36F912BF8878A0067847B /* Build configuration list for PBXNativeTarget "TCASample2" */ = {
			isa = XCConfigurationList;
			buildConfigurations = (
				3EE36F922BF8878A0067847B /* Debug */,
				3EE36F932BF8878A0067847B /* Release */,
			);
			defaultConfigurationIsVisible = 0;
			defaultConfigurationName = Release;
		};
/* End XCConfigurationList section */

/* Begin XCRemoteSwiftPackageReference section */
		3EE36F962BF88D0D0067847B /* XCRemoteSwiftPackageReference "swift-composable-architecture" */ = {
			isa = XCRemoteSwiftPackageReference;
			repositoryURL = "https://github.com/pointfreeco/swift-composable-architecture";
			requirement = {
				kind = upToNextMajorVersion;
				minimumVersion = 1.10.4;
			};
		};
/* End XCRemoteSwiftPackageReference section */

/* Begin XCSwiftPackageProductDependency section */
		3EE36F972BF88D0D0067847B /* ComposableArchitecture */ = {
			isa = XCSwiftPackageProductDependency;
			package = 3EE36F962BF88D0D0067847B /* XCRemoteSwiftPackageReference "swift-composable-architecture" */;
			productName = ComposableArchitecture;
		};
/* End XCSwiftPackageProductDependency section */
	};
	rootObject = 3EE36F7B2BF887850067847B /* Project object */;
}
